
Microsoft Visual Studio Solution File, Format Version 12.00
# Visual Studio Version 17
VisualStudioVersion = 17.8.34525.116
MinimumVisualStudioVersion = 10.0.40219.1
Project("{FAE04EC0-301F-11D3-BF4B-00C04F79EFBC}") = "Proyecto 12-02-2024", "Proyecto 12-02-2024\Proyecto 12-02-2024.csproj", "{7953DB6C-47EC-421D-A57E-A83580FC5816}"
EndProject
Global
	GlobalSection(SolutionConfigurationPlatforms) = preSolution
		Debug|Any CPU = Debug|Any CPU
		Release|Any CPU = Release|Any CPU
	EndGlobalSection
	GlobalSection(ProjectConfigurationPlatforms) = postSolution
		{7953DB6C-47EC-421D-A57E-A83580FC5816}.Debug|Any CPU.ActiveCfg = Debug|Any CPU
		{7953DB6C-47EC-421D-A57E-A83580FC5816}.Debug|Any CPU.Build.0 = Debug|Any CPU
		{7953DB6C-47EC-421D-A57E-A83580FC5816}.Release|Any CPU.ActiveCfg = Release|Any CPU
		{7953DB6C-47EC-421D-A57E-A83580FC5816}.Release|Any CPU.Build.0 = Release|Any CPU
	EndGlobalSection
	GlobalSection(SolutionProperties) = preSolution
		HideSolutionNode = FALSE
	EndGlobalSection
	GlobalSection(ExtensibilityGlobals) = postSolution
		SolutionGuid = {D0F8AFB2-9F2B-4B72-9BCE-49AA24C134CC}
	EndGlobalSection
EndGlobal
